// !$*UTF8*$!
{
	archiveVersion = 1;
	classes = {
	};
	objectVersion = 50;
	objects = {

/* Begin PBXBuildFile section */
		341A807222A7202E00676B8A /* LocationViewModel.swift in Sources */ = {isa = PBXBuildFile; fileRef = 341A807122A7202E00676B8A /* LocationViewModel.swift */; };
		34693D5822B9A08D0024AB6C /* DetailViewModel.swift in Sources */ = {isa = PBXBuildFile; fileRef = 34693D5722B9A08D0024AB6C /* DetailViewModel.swift */; };
		34BFB50022B058B0003EBCE9 /* Detail.swift in Sources */ = {isa = PBXBuildFile; fileRef = 34BFB4FF22B058B0003EBCE9 /* Detail.swift */; };
		34E40ABC22A0D85700E09F92 /* AppDelegate.swift in Sources */ = {isa = PBXBuildFile; fileRef = 34E40ABB22A0D85700E09F92 /* AppDelegate.swift */; };
		34E40ABE22A0D85700E09F92 /* ViewController.swift in Sources */ = {isa = PBXBuildFile; fileRef = 34E40ABD22A0D85700E09F92 /* ViewController.swift */; };
		34E40AC122A0D85700E09F92 /* Main.storyboard in Resources */ = {isa = PBXBuildFile; fileRef = 34E40ABF22A0D85700E09F92 /* Main.storyboard */; };
		34E40AC622A0D85800E09F92 /* LaunchScreen.storyboard in Resources */ = {isa = PBXBuildFile; fileRef = 34E40AC422A0D85800E09F92 /* LaunchScreen.storyboard */; };
		34E40AD022A0DF1300E09F92 /* Helper.swift in Sources */ = {isa = PBXBuildFile; fileRef = 34E40ACF22A0DF1300E09F92 /* Helper.swift */; };
		34E40AD222A0E60000E09F92 /* LocationView.swift in Sources */ = {isa = PBXBuildFile; fileRef = 34E40AD122A0E60000E09F92 /* LocationView.swift */; };
		34E40AD422A0E61100E09F92 /* DetailView.swift in Sources */ = {isa = PBXBuildFile; fileRef = 34E40AD322A0E61100E09F92 /* DetailView.swift */; };
		34E40AD622A0E62700E09F92 /* Network.swift in Sources */ = {isa = PBXBuildFile; fileRef = 34E40AD522A0E62700E09F92 /* Network.swift */; };
		F84F0B7522AAE3F9004439DD /* Constants.swift in Sources */ = {isa = PBXBuildFile; fileRef = F84F0B7422AAE3F9004439DD /* Constants.swift */; };
		F84F0B7722AAE436004439DD /* Location.swift in Sources */ = {isa = PBXBuildFile; fileRef = F84F0B7622AAE436004439DD /* Location.swift */; };
		F861B33522A9B640001C20EF /* Template-ViewController.swift in Sources */ = {isa = PBXBuildFile; fileRef = F861B33422A9B640001C20EF /* Template-ViewController.swift */; };
		F86ACE5522B03E5600445009 /* LocationBubble.xib in Resources */ = {isa = PBXBuildFile; fileRef = F86ACE5422B03E5600445009 /* LocationBubble.xib */; };
		F86ACE5722B0457000445009 /* LocationDetails.xib in Resources */ = {isa = PBXBuildFile; fileRef = F86ACE5622B0457000445009 /* LocationDetails.xib */; };
		F86ACE5B22B05D5B00445009 /* Assets.xcassets in Resources */ = {isa = PBXBuildFile; fileRef = F86ACE5A22B05D5B00445009 /* Assets.xcassets */; };
		F8A9AB6122A6F44C0096C713 /* SavedLocationsView.swift in Sources */ = {isa = PBXBuildFile; fileRef = F8A9AB6022A6F44C0096C713 /* SavedLocationsView.swift */; };
		F8A9AB6322A708BA0096C713 /* HoursView.swift in Sources */ = {isa = PBXBuildFile; fileRef = F8A9AB6222A708BA0096C713 /* HoursView.swift */; };
		F8A9AB6522A70ADB0096C713 /* ReviewsView.swift in Sources */ = {isa = PBXBuildFile; fileRef = F8A9AB6422A70ADB0096C713 /* ReviewsView.swift */; };
		F8A9AB6722A70C090096C713 /* ImagesView.swift in Sources */ = {isa = PBXBuildFile; fileRef = F8A9AB6622A70C090096C713 /* ImagesView.swift */; };
/* End PBXBuildFile section */

/* Begin PBXFileReference section */
		341A807122A7202E00676B8A /* LocationViewModel.swift */ = {isa = PBXFileReference; lastKnownFileType = sourcecode.swift; path = LocationViewModel.swift; sourceTree = "<group>"; };
		34693D5722B9A08D0024AB6C /* DetailViewModel.swift */ = {isa = PBXFileReference; lastKnownFileType = sourcecode.swift; path = DetailViewModel.swift; sourceTree = "<group>"; };
		34BFB4FF22B058B0003EBCE9 /* Detail.swift */ = {isa = PBXFileReference; lastKnownFileType = sourcecode.swift; path = Detail.swift; sourceTree = "<group>"; };
		34E40AB822A0D85600E09F92 /* Shake2.0.app */ = {isa = PBXFileReference; explicitFileType = wrapper.application; includeInIndex = 0; path = Shake2.0.app; sourceTree = BUILT_PRODUCTS_DIR; };
		34E40ABB22A0D85700E09F92 /* AppDelegate.swift */ = {isa = PBXFileReference; lastKnownFileType = sourcecode.swift; path = AppDelegate.swift; sourceTree = "<group>"; };
		34E40ABD22A0D85700E09F92 /* ViewController.swift */ = {isa = PBXFileReference; lastKnownFileType = sourcecode.swift; path = ViewController.swift; sourceTree = "<group>"; };
		34E40AC022A0D85700E09F92 /* Base */ = {isa = PBXFileReference; lastKnownFileType = file.storyboard; name = Base; path = Base.lproj/Main.storyboard; sourceTree = "<group>"; };
		34E40AC522A0D85800E09F92 /* Base */ = {isa = PBXFileReference; lastKnownFileType = file.storyboard; name = Base; path = Base.lproj/LaunchScreen.storyboard; sourceTree = "<group>"; };
		34E40AC722A0D85800E09F92 /* Info.plist */ = {isa = PBXFileReference; lastKnownFileType = text.plist.xml; path = Info.plist; sourceTree = "<group>"; };
		34E40ACF22A0DF1300E09F92 /* Helper.swift */ = {isa = PBXFileReference; lastKnownFileType = sourcecode.swift; path = Helper.swift; sourceTree = "<group>"; };
		34E40AD122A0E60000E09F92 /* LocationView.swift */ = {isa = PBXFileReference; lastKnownFileType = sourcecode.swift; path = LocationView.swift; sourceTree = "<group>"; };
		34E40AD322A0E61100E09F92 /* DetailView.swift */ = {isa = PBXFileReference; lastKnownFileType = sourcecode.swift; path = DetailView.swift; sourceTree = "<group>"; };
		34E40AD522A0E62700E09F92 /* Network.swift */ = {isa = PBXFileReference; lastKnownFileType = sourcecode.swift; path = Network.swift; sourceTree = "<group>"; };
		F84F0B7422AAE3F9004439DD /* Constants.swift */ = {isa = PBXFileReference; lastKnownFileType = sourcecode.swift; path = Constants.swift; sourceTree = "<group>"; };
		F84F0B7622AAE436004439DD /* Location.swift */ = {isa = PBXFileReference; lastKnownFileType = sourcecode.swift; path = Location.swift; sourceTree = "<group>"; };
		F861B33422A9B640001C20EF /* Template-ViewController.swift */ = {isa = PBXFileReference; lastKnownFileType = sourcecode.swift; path = "Template-ViewController.swift"; sourceTree = "<group>"; };
		F86ACE5422B03E5600445009 /* LocationBubble.xib */ = {isa = PBXFileReference; lastKnownFileType = file.xib; path = LocationBubble.xib; sourceTree = "<group>"; };
		F86ACE5622B0457000445009 /* LocationDetails.xib */ = {isa = PBXFileReference; lastKnownFileType = file.xib; path = LocationDetails.xib; sourceTree = "<group>"; };
		F86ACE5A22B05D5B00445009 /* Assets.xcassets */ = {isa = PBXFileReference; lastKnownFileType = folder.assetcatalog; path = Assets.xcassets; sourceTree = "<group>"; };
		F8A9AB6022A6F44C0096C713 /* SavedLocationsView.swift */ = {isa = PBXFileReference; lastKnownFileType = sourcecode.swift; path = SavedLocationsView.swift; sourceTree = "<group>"; };
		F8A9AB6222A708BA0096C713 /* HoursView.swift */ = {isa = PBXFileReference; lastKnownFileType = sourcecode.swift; path = HoursView.swift; sourceTree = "<group>"; };
		F8A9AB6422A70ADB0096C713 /* ReviewsView.swift */ = {isa = PBXFileReference; lastKnownFileType = sourcecode.swift; path = ReviewsView.swift; sourceTree = "<group>"; };
		F8A9AB6622A70C090096C713 /* ImagesView.swift */ = {isa = PBXFileReference; lastKnownFileType = sourcecode.swift; path = ImagesView.swift; sourceTree = "<group>"; };
/* End PBXFileReference section */

/* Begin PBXFrameworksBuildPhase section */
		34E40AB522A0D85600E09F92 /* Frameworks */ = {
			isa = PBXFrameworksBuildPhase;
			buildActionMask = 2147483647;
			files = (
			);
			runOnlyForDeploymentPostprocessing = 0;
		};
/* End PBXFrameworksBuildPhase section */

/* Begin PBXGroup section */
		341A807022A7201A00676B8A /* ViewModels */ = {
			isa = PBXGroup;
			children = (
				341A807122A7202E00676B8A /* LocationViewModel.swift */,
				34693D5722B9A08D0024AB6C /* DetailViewModel.swift */,
			);
			path = ViewModels;
			sourceTree = "<group>";
		};
		341A807322A7221600676B8A /* Nibs */ = {
			isa = PBXGroup;
			children = (
				F86ACE5422B03E5600445009 /* LocationBubble.xib */,
				F86ACE5622B0457000445009 /* LocationDetails.xib */,
			);
			path = Nibs;
			sourceTree = "<group>";
		};
		34D7728B22A71065002B4695 /* Models */ = {
			isa = PBXGroup;
			children = (
				F84F0B7422AAE3F9004439DD /* Constants.swift */,
				F84F0B7622AAE436004439DD /* Location.swift */,
				34BFB4FF22B058B0003EBCE9 /* Detail.swift */,
			);
			path = Models;
			sourceTree = "<group>";
		};
		34E40AAF22A0D85600E09F92 = {
			isa = PBXGroup;
			children = (
				34E40ABA22A0D85600E09F92 /* Shake2.0 */,
				34E40AB922A0D85600E09F92 /* Products */,
			);
			sourceTree = "<group>";
		};
		34E40AB922A0D85600E09F92 /* Products */ = {
			isa = PBXGroup;
			children = (
				34E40AB822A0D85600E09F92 /* Shake2.0.app */,
			);
			name = Products;
			sourceTree = "<group>";
		};
		34E40ABA22A0D85600E09F92 /* Shake2.0 */ = {
			isa = PBXGroup;
			children = (
				F861B33422A9B640001C20EF /* Template-ViewController.swift */,
				341A807322A7221600676B8A /* Nibs */,
				341A807022A7201A00676B8A /* ViewModels */,
				34D7728B22A71065002B4695 /* Models */,
				34E40ACE22A0DF0000E09F92 /* Helpers */,
				34E40ACD22A0DEDE00E09F92 /* Views */,
				34E40ABB22A0D85700E09F92 /* AppDelegate.swift */,
				34E40ABD22A0D85700E09F92 /* ViewController.swift */,
				34E40ABF22A0D85700E09F92 /* Main.storyboard */,
				34E40AC422A0D85800E09F92 /* LaunchScreen.storyboard */,
				F86ACE5A22B05D5B00445009 /* Assets.xcassets */,
				34E40AC722A0D85800E09F92 /* Info.plist */,
			);
			path = Shake2.0;
			sourceTree = "<group>";
		};
		34E40ACD22A0DEDE00E09F92 /* Views */ = {
			isa = PBXGroup;
			children = (
				34E40AD122A0E60000E09F92 /* LocationView.swift */,
				F8A9AB6022A6F44C0096C713 /* SavedLocationsView.swift */,
				F8A9AB6222A708BA0096C713 /* HoursView.swift */,
				F8A9AB6422A70ADB0096C713 /* ReviewsView.swift */,
				F8A9AB6622A70C090096C713 /* ImagesView.swift */,
				34E40AD322A0E61100E09F92 /* DetailView.swift */,
			);
			path = Views;
			sourceTree = "<group>";
		};
		34E40ACE22A0DF0000E09F92 /* Helpers */ = {
			isa = PBXGroup;
			children = (
				34E40ACF22A0DF1300E09F92 /* Helper.swift */,
				34E40AD522A0E62700E09F92 /* Network.swift */,
			);
			path = Helpers;
			sourceTree = "<group>";
		};
/* End PBXGroup section */

/* Begin PBXNativeTarget section */
		34E40AB722A0D85600E09F92 /* Shake2.0 */ = {
			isa = PBXNativeTarget;
			buildConfigurationList = 34E40ACA22A0D85800E09F92 /* Build configuration list for PBXNativeTarget "Shake2.0" */;
			buildPhases = (
				34E40AB422A0D85600E09F92 /* Sources */,
				34E40AB522A0D85600E09F92 /* Frameworks */,
				34E40AB622A0D85600E09F92 /* Resources */,
			);
			buildRules = (
			);
			dependencies = (
			);
			name = Shake2.0;
			productName = Shake2.0;
			productReference = 34E40AB822A0D85600E09F92 /* Shake2.0.app */;
			productType = "com.apple.product-type.application";
		};
/* End PBXNativeTarget section */

/* Begin PBXProject section */
		34E40AB022A0D85600E09F92 /* Project object */ = {
			isa = PBXProject;
			attributes = {
				LastSwiftUpdateCheck = 1020;
				LastUpgradeCheck = 1020;
				ORGANIZATIONNAME = GenOrg;
				TargetAttributes = {
					34E40AB722A0D85600E09F92 = {
						CreatedOnToolsVersion = 10.2.1;
					};
				};
			};
			buildConfigurationList = 34E40AB322A0D85600E09F92 /* Build configuration list for PBXProject "Shake2.0" */;
			compatibilityVersion = "Xcode 9.3";
			developmentRegion = en;
			hasScannedForEncodings = 0;
			knownRegions = (
				en,
				Base,
			);
			mainGroup = 34E40AAF22A0D85600E09F92;
			productRefGroup = 34E40AB922A0D85600E09F92 /* Products */;
			projectDirPath = "";
			projectRoot = "";
			targets = (
				34E40AB722A0D85600E09F92 /* Shake2.0 */,
			);
		};
/* End PBXProject section */

/* Begin PBXResourcesBuildPhase section */
		34E40AB622A0D85600E09F92 /* Resources */ = {
			isa = PBXResourcesBuildPhase;
			buildActionMask = 2147483647;
			files = (
				F86ACE5522B03E5600445009 /* LocationBubble.xib in Resources */,
				F86ACE5722B0457000445009 /* LocationDetails.xib in Resources */,
				34E40AC622A0D85800E09F92 /* LaunchScreen.storyboard in Resources */,
				F86ACE5B22B05D5B00445009 /* Assets.xcassets in Resources */,
				34E40AC122A0D85700E09F92 /* Main.storyboard in Resources */,
			);
			runOnlyForDeploymentPostprocessing = 0;
		};
/* End PBXResourcesBuildPhase section */

/* Begin PBXSourcesBuildPhase section */
		34E40AB422A0D85600E09F92 /* Sources */ = {
			isa = PBXSourcesBuildPhase;
			buildActionMask = 2147483647;
			files = (
				F8A9AB6522A70ADB0096C713 /* ReviewsView.swift in Sources */,
				34E40ABE22A0D85700E09F92 /* ViewController.swift in Sources */,
				34E40AD222A0E60000E09F92 /* LocationView.swift in Sources */,
				34E40AD622A0E62700E09F92 /* Network.swift in Sources */,
				F8A9AB6722A70C090096C713 /* ImagesView.swift in Sources */,
				34E40ABC22A0D85700E09F92 /* AppDelegate.swift in Sources */,
				F84F0B7722AAE436004439DD /* Location.swift in Sources */,
				341A807222A7202E00676B8A /* LocationViewModel.swift in Sources */,
				F84F0B7522AAE3F9004439DD /* Constants.swift in Sources */,
				F8A9AB6122A6F44C0096C713 /* SavedLocationsView.swift in Sources */,
				34E40AD422A0E61100E09F92 /* DetailView.swift in Sources */,
				34BFB50022B058B0003EBCE9 /* Detail.swift in Sources */,
				F8A9AB6322A708BA0096C713 /* HoursView.swift in Sources */,
				34E40AD022A0DF1300E09F92 /* Helper.swift in Sources */,
				34693D5822B9A08D0024AB6C /* DetailViewModel.swift in Sources */,
				F861B33522A9B640001C20EF /* Template-ViewController.swift in Sources */,
			);
			runOnlyForDeploymentPostprocessing = 0;
		};
/* End PBXSourcesBuildPhase section */

/* Begin PBXVariantGroup section */
		34E40ABF22A0D85700E09F92 /* Main.storyboard */ = {
			isa = PBXVariantGroup;
			children = (
				34E40AC022A0D85700E09F92 /* Base */,
			);
			name = Main.storyboard;
			sourceTree = "<group>";
		};
		34E40AC422A0D85800E09F92 /* LaunchScreen.storyboard */ = {
			isa = PBXVariantGroup;
			children = (
				34E40AC522A0D85800E09F92 /* Base */,
			);
			name = LaunchScreen.storyboard;
			sourceTree = "<group>";
		};
/* End PBXVariantGroup section */

/* Begin XCBuildConfiguration section */
		34E40AC822A0D85800E09F92 /* Debug */ = {
			isa = XCBuildConfiguration;
			buildSettings = {
				ALWAYS_SEARCH_USER_PATHS = NO;
				CLANG_ANALYZER_NONNULL = YES;
				CLANG_ANALYZER_NUMBER_OBJECT_CONVERSION = YES_AGGRESSIVE;
				CLANG_CXX_LANGUAGE_STANDARD = "gnu++14";
				CLANG_CXX_LIBRARY = "libc++";
				CLANG_ENABLE_MODULES = YES;
				CLANG_ENABLE_OBJC_ARC = YES;
				CLANG_ENABLE_OBJC_WEAK = YES;
				CLANG_WARN_BLOCK_CAPTURE_AUTORELEASING = YES;
				CLANG_WARN_BOOL_CONVERSION = YES;
				CLANG_WARN_COMMA = YES;
				CLANG_WARN_CONSTANT_CONVERSION = YES;
				CLANG_WARN_DEPRECATED_OBJC_IMPLEMENTATIONS = YES;
				CLANG_WARN_DIRECT_OBJC_ISA_USAGE = YES_ERROR;
				CLANG_WARN_DOCUMENTATION_COMMENTS = YES;
				CLANG_WARN_EMPTY_BODY = YES;
				CLANG_WARN_ENUM_CONVERSION = YES;
				CLANG_WARN_INFINITE_RECURSION = YES;
				CLANG_WARN_INT_CONVERSION = YES;
				CLANG_WARN_NON_LITERAL_NULL_CONVERSION = YES;
				CLANG_WARN_OBJC_IMPLICIT_RETAIN_SELF = YES;
				CLANG_WARN_OBJC_LITERAL_CONVERSION = YES;
				CLANG_WARN_OBJC_ROOT_CLASS = YES_ERROR;
				CLANG_WARN_RANGE_LOOP_ANALYSIS = YES;
				CLANG_WARN_STRICT_PROTOTYPES = YES;
				CLANG_WARN_SUSPICIOUS_MOVE = YES;
				CLANG_WARN_UNGUARDED_AVAILABILITY = YES_AGGRESSIVE;
				CLANG_WARN_UNREACHABLE_CODE = YES;
				CLANG_WARN__DUPLICATE_METHOD_MATCH = YES;
				CODE_SIGN_IDENTITY = "iPhone Developer";
				COPY_PHASE_STRIP = NO;
				DEBUG_INFORMATION_FORMAT = dwarf;
				ENABLE_STRICT_OBJC_MSGSEND = YES;
				ENABLE_TESTABILITY = YES;
				GCC_C_LANGUAGE_STANDARD = gnu11;
				GCC_DYNAMIC_NO_PIC = NO;
				GCC_NO_COMMON_BLOCKS = YES;
				GCC_OPTIMIZATION_LEVEL = 0;
				GCC_PREPROCESSOR_DEFINITIONS = (
					"DEBUG=1",
					"$(inherited)",
				);
				GCC_WARN_64_TO_32_BIT_CONVERSION = YES;
				GCC_WARN_ABOUT_RETURN_TYPE = YES_ERROR;
				GCC_WARN_UNDECLARED_SELECTOR = YES;
				GCC_WARN_UNINITIALIZED_AUTOS = YES_AGGRESSIVE;
				GCC_WARN_UNUSED_FUNCTION = YES;
				GCC_WARN_UNUSED_VARIABLE = YES;
				IPHONEOS_DEPLOYMENT_TARGET = 12.2;
				MTL_ENABLE_DEBUG_INFO = INCLUDE_SOURCE;
				MTL_FAST_MATH = YES;
				ONLY_ACTIVE_ARCH = YES;
				"OTHER_SWIFT_FLAGS[arch=*]" = "-warnings-as-errors";
				SDKROOT = iphoneos;
				SWIFT_ACTIVE_COMPILATION_CONDITIONS = DEBUG;
				SWIFT_OPTIMIZATION_LEVEL = "-Onone";
			};
			name = Debug;
		};
		34E40AC922A0D85800E09F92 /* Release */ = {
			isa = XCBuildConfiguration;
			buildSettings = {
				ALWAYS_SEARCH_USER_PATHS = NO;
				CLANG_ANALYZER_NONNULL = YES;
				CLANG_ANALYZER_NUMBER_OBJECT_CONVERSION = YES_AGGRESSIVE;
				CLANG_CXX_LANGUAGE_STANDARD = "gnu++14";
				CLANG_CXX_LIBRARY = "libc++";
				CLANG_ENABLE_MODULES = YES;
				CLANG_ENABLE_OBJC_ARC = YES;
				CLANG_ENABLE_OBJC_WEAK = YES;
				CLANG_WARN_BLOCK_CAPTURE_AUTORELEASING = YES;
				CLANG_WARN_BOOL_CONVERSION = YES;
				CLANG_WARN_COMMA = YES;
				CLANG_WARN_CONSTANT_CONVERSION = YES;
				CLANG_WARN_DEPRECATED_OBJC_IMPLEMENTATIONS = YES;
				CLANG_WARN_DIRECT_OBJC_ISA_USAGE = YES_ERROR;
				CLANG_WARN_DOCUMENTATION_COMMENTS = YES;
				CLANG_WARN_EMPTY_BODY = YES;
				CLANG_WARN_ENUM_CONVERSION = YES;
				CLANG_WARN_INFINITE_RECURSION = YES;
				CLANG_WARN_INT_CONVERSION = YES;
				CLANG_WARN_NON_LITERAL_NULL_CONVERSION = YES;
				CLANG_WARN_OBJC_IMPLICIT_RETAIN_SELF = YES;
				CLANG_WARN_OBJC_LITERAL_CONVERSION = YES;
				CLANG_WARN_OBJC_ROOT_CLASS = YES_ERROR;
				CLANG_WARN_RANGE_LOOP_ANALYSIS = YES;
				CLANG_WARN_STRICT_PROTOTYPES = YES;
				CLANG_WARN_SUSPICIOUS_MOVE = YES;
				CLANG_WARN_UNGUARDED_AVAILABILITY = YES_AGGRESSIVE;
				CLANG_WARN_UNREACHABLE_CODE = YES;
				CLANG_WARN__DUPLICATE_METHOD_MATCH = YES;
				CODE_SIGN_IDENTITY = "iPhone Developer";
				COPY_PHASE_STRIP = NO;
				DEBUG_INFORMATION_FORMAT = "dwarf-with-dsym";
				ENABLE_NS_ASSERTIONS = NO;
				ENABLE_STRICT_OBJC_MSGSEND = YES;
				GCC_C_LANGUAGE_STANDARD = gnu11;
				GCC_NO_COMMON_BLOCKS = YES;
				GCC_WARN_64_TO_32_BIT_CONVERSION = YES;
				GCC_WARN_ABOUT_RETURN_TYPE = YES_ERROR;
				GCC_WARN_UNDECLARED_SELECTOR = YES;
				GCC_WARN_UNINITIALIZED_AUTOS = YES_AGGRESSIVE;
				GCC_WARN_UNUSED_FUNCTION = YES;
				GCC_WARN_UNUSED_VARIABLE = YES;
				IPHONEOS_DEPLOYMENT_TARGET = 12.2;
				MTL_ENABLE_DEBUG_INFO = NO;
				MTL_FAST_MATH = YES;
				SDKROOT = iphoneos;
				SWIFT_COMPILATION_MODE = wholemodule;
				SWIFT_OPTIMIZATION_LEVEL = "-O";
				VALIDATE_PRODUCT = YES;
			};
			name = Release;
		};
		34E40ACB22A0D85800E09F92 /* Debug */ = {
			isa = XCBuildConfiguration;
			buildSettings = {
				ASSETCATALOG_COMPILER_APPICON_NAME = AppIcon;
				CODE_SIGN_STYLE = Automatic;
				DEVELOPMENT_TEAM = A2N9APJ4GT;
				INFOPLIST_FILE = Shake2.0/Info.plist;
				LD_RUNPATH_SEARCH_PATHS = (
					"$(inherited)",
					"@executable_path/Frameworks",
				);
				PRODUCT_BUNDLE_IDENTIFIER = "com-Shake";
				PRODUCT_NAME = "$(TARGET_NAME)";
				SWIFT_VERSION = 5.0;
				TARGETED_DEVICE_FAMILY = "1,2";
			};
			name = Debug;
		};
		34E40ACC22A0D85800E09F92 /* Release */ = {
			isa = XCBuildConfiguration;
			buildSettings = {
				ASSETCATALOG_COMPILER_APPICON_NAME = AppIcon;
				CODE_SIGN_STYLE = Automatic;
				DEVELOPMENT_TEAM = A2N9APJ4GT;
				INFOPLIST_FILE = Shake2.0/Info.plist;
				LD_RUNPATH_SEARCH_PATHS = (
					"$(inherited)",
					"@executable_path/Frameworks",
				);
				PRODUCT_BUNDLE_IDENTIFIER = "com-Shake";
				PRODUCT_NAME = "$(TARGET_NAME)";
				SWIFT_VERSION = 5.0;
				TARGETED_DEVICE_FAMILY = "1,2";
			};
			name = Release;
		};
/* End XCBuildConfiguration section */

/* Begin XCConfigurationList section */
		34E40AB322A0D85600E09F92 /* Build configuration list for PBXProject "Shake2.0" */ = {
			isa = XCConfigurationList;
			buildConfigurations = (
				34E40AC822A0D85800E09F92 /* Debug */,
				34E40AC922A0D85800E09F92 /* Release */,
			);
			defaultConfigurationIsVisible = 0;
			defaultConfigurationName = Release;
		};
		34E40ACA22A0D85800E09F92 /* Build configuration list for PBXNativeTarget "Shake2.0" */ = {
			isa = XCConfigurationList;
			buildConfigurations = (
				34E40ACB22A0D85800E09F92 /* Debug */,
				34E40ACC22A0D85800E09F92 /* Release */,
			);
			defaultConfigurationIsVisible = 0;
			defaultConfigurationName = Release;
		};
/* End XCConfigurationList section */
	};
	rootObject = 34E40AB022A0D85600E09F92 /* Project object */;
}
